
Microsoft Visual Studio Solution File, Format Version 12.00
# Visual Studio Version 17
VisualStudioVersion = 17.5.33530.505
MinimumVisualStudioVersion = 10.0.40219.1
Project("{FAE04EC0-301F-11D3-BF4B-00C04F79EFBC}") = "PBL3", "PBL3\PBL3.csproj", "{0AFD1B4A-CF54-4DC4-8910-AED5519D196D}"
EndProject
Global
	GlobalSection(SolutionConfigurationPlatforms) = preSolution
		Debug|Any CPU = Debug|Any CPU
		Release|Any CPU = Release|Any CPU
	EndGlobalSection
	GlobalSection(ProjectConfigurationPlatforms) = postSolution
		{0AFD1B4A-CF54-4DC4-8910-AED5519D196D}.Debug|Any CPU.ActiveCfg = Debug|Any CPU
		{0AFD1B4A-CF54-4DC4-8910-AED5519D196D}.Debug|Any CPU.Build.0 = Debug|Any CPU
		{0AFD1B4A-CF54-4DC4-8910-AED5519D196D}.Release|Any CPU.ActiveCfg = Release|Any CPU
		{0AFD1B4A-CF54-4DC4-8910-AED5519D196D}.Release|Any CPU.Build.0 = Release|Any CPU
	EndGlobalSection
	GlobalSection(SolutionProperties) = preSolution
		HideSolutionNode = FALSE
	EndGlobalSection
	GlobalSection(ExtensibilityGlobals) = postSolution
		SolutionGuid = {A84B53EE-3765-4FE6-AE9D-9D86235EE1DD}
	EndGlobalSection
EndGlobal
